
Microsoft Visual Studio Solution File, Format Version 12.00
# Visual Studio Version 17
VisualStudioVersion = 17.3.32929.385
MinimumVisualStudioVersion = 10.0.40219.1
Project("{FAE04EC0-301F-11D3-BF4B-00C04F79EFBC}") = "Stock2Shop.API", "Stock2Shop\Stock2Shop.API.csproj", "{4BEA2715-D138-4070-8FB0-1F7B6B11BA89}"
EndProject
Project("{FAE04EC0-301F-11D3-BF4B-00C04F79EFBC}") = "Stock2Shop.Core", "Stock2Shop.Core\Stock2Shop.Core.csproj", "{65C46F06-E18E-4A06-93BD-B87C512CF411}"
EndProject
Project("{FAE04EC0-301F-11D3-BF4B-00C04F79EFBC}") = "Stock2Shop.Infrastructure", "Stock2Shop.Infrastructure\Stock2Shop.Infrastructure.csproj", "{5E76A988-1971-4C8C-A04F-A904525FD256}"
EndProject
Project("{FAE04EC0-301F-11D3-BF4B-00C04F79EFBC}") = "Stock2Shop.Application", "Stock2Shop.Application\Stock2Shop.Application.csproj", "{DF1948D3-51B5-44BD-8547-A564C8F9CCDB}"
EndProject
Global
	GlobalSection(SolutionConfigurationPlatforms) = preSolution
		Debug|Any CPU = Debug|Any CPU
		Release|Any CPU = Release|Any CPU
	EndGlobalSection
	GlobalSection(ProjectConfigurationPlatforms) = postSolution
		{4BEA2715-D138-4070-8FB0-1F7B6B11BA89}.Debug|Any CPU.ActiveCfg = Debug|Any CPU
		{4BEA2715-D138-4070-8FB0-1F7B6B11BA89}.Debug|Any CPU.Build.0 = Debug|Any CPU
		{4BEA2715-D138-4070-8FB0-1F7B6B11BA89}.Release|Any CPU.ActiveCfg = Release|Any CPU
		{4BEA2715-D138-4070-8FB0-1F7B6B11BA89}.Release|Any CPU.Build.0 = Release|Any CPU
		{65C46F06-E18E-4A06-93BD-B87C512CF411}.Debug|Any CPU.ActiveCfg = Debug|Any CPU
		{65C46F06-E18E-4A06-93BD-B87C512CF411}.Debug|Any CPU.Build.0 = Debug|Any CPU
		{65C46F06-E18E-4A06-93BD-B87C512CF411}.Release|Any CPU.ActiveCfg = Release|Any CPU
		{65C46F06-E18E-4A06-93BD-B87C512CF411}.Release|Any CPU.Build.0 = Release|Any CPU
		{5E76A988-1971-4C8C-A04F-A904525FD256}.Debug|Any CPU.ActiveCfg = Debug|Any CPU
		{5E76A988-1971-4C8C-A04F-A904525FD256}.Debug|Any CPU.Build.0 = Debug|Any CPU
		{5E76A988-1971-4C8C-A04F-A904525FD256}.Release|Any CPU.ActiveCfg = Release|Any CPU
		{5E76A988-1971-4C8C-A04F-A904525FD256}.Release|Any CPU.Build.0 = Release|Any CPU
		{DF1948D3-51B5-44BD-8547-A564C8F9CCDB}.Debug|Any CPU.ActiveCfg = Debug|Any CPU
		{DF1948D3-51B5-44BD-8547-A564C8F9CCDB}.Debug|Any CPU.Build.0 = Debug|Any CPU
		{DF1948D3-51B5-44BD-8547-A564C8F9CCDB}.Release|Any CPU.ActiveCfg = Release|Any CPU
		{DF1948D3-51B5-44BD-8547-A564C8F9CCDB}.Release|Any CPU.Build.0 = Release|Any CPU
	EndGlobalSection
	GlobalSection(SolutionProperties) = preSolution
		HideSolutionNode = FALSE
	EndGlobalSection
	GlobalSection(ExtensibilityGlobals) = postSolution
		SolutionGuid = {7CD64278-E230-4950-A22F-EEC3A3052DBB}
	EndGlobalSection
EndGlobal
